// !$*UTF8*$!
{
	archiveVersion = 1;
	classes = {
	};
	objectVersion = 50;
	objects = {

/* Begin PBXBuildFile section */
		0A7A606E213533FB00869D60 /* AppDelegate.m in Sources */ = {isa = PBXBuildFile; fileRef = 0A7A606D213533FB00869D60 /* AppDelegate.m */; };
		0A7A6076213533FC00869D60 /* Assets.xcassets in Resources */ = {isa = PBXBuildFile; fileRef = 0A7A6075213533FC00869D60 /* Assets.xcassets */; };
		0A7A607C213533FC00869D60 /* main.m in Sources */ = {isa = PBXBuildFile; fileRef = 0A7A607B213533FC00869D60 /* main.m */; };
		0A7A6086213533FC00869D60 /* LLYGPUImageDemoTests.m in Sources */ = {isa = PBXBuildFile; fileRef = 0A7A6085213533FC00869D60 /* LLYGPUImageDemoTests.m */; };
		0A7A6091213533FC00869D60 /* LLYGPUImageDemoUITests.m in Sources */ = {isa = PBXBuildFile; fileRef = 0A7A6090213533FC00869D60 /* LLYGPUImageDemoUITests.m */; };
		0A7A60A021354CA600869D60 /* wk.JPG in Resources */ = {isa = PBXBuildFile; fileRef = 0A7A609F21354CA600869D60 /* wk.JPG */; };
		0A7A60A42135539600869D60 /* LLYRootViewController.m in Sources */ = {isa = PBXBuildFile; fileRef = 0A7A60A22135539600869D60 /* LLYRootViewController.m */; };
		0A7A60A52135539600869D60 /* LLYRootViewController.xib in Resources */ = {isa = PBXBuildFile; fileRef = 0A7A60A32135539600869D60 /* LLYRootViewController.xib */; };
		0A7A60A72135549D00869D60 /* LLYLaunchScreen.storyboard in Resources */ = {isa = PBXBuildFile; fileRef = 0A7A60A62135549D00869D60 /* LLYLaunchScreen.storyboard */; };
		0A7CEEC92137D63800DFF51F /* LLYTikTokViewController.m in Sources */ = {isa = PBXBuildFile; fileRef = 0A7CEEC82137D63800DFF51F /* LLYTikTokViewController.m */; };
		0A7CEECC2137D79300DFF51F /* LLYTikTokFilter.m in Sources */ = {isa = PBXBuildFile; fileRef = 0A7CEECB2137D79300DFF51F /* LLYTikTokFilter.m */; };
		0A866A5C2181A78B00402CB0 /* LLYViewWatermarkViewController.m in Sources */ = {isa = PBXBuildFile; fileRef = 0A866A5B2181A78B00402CB0 /* LLYViewWatermarkViewController.m */; };
		0A866A5E2181C3C000402CB0 /* watermark.png in Resources */ = {isa = PBXBuildFile; fileRef = 0A866A5D2181C3C000402CB0 /* watermark.png */; };
		0A8845D2213678DC00F921E4 /* LLYShowImageViewController.m in Sources */ = {isa = PBXBuildFile; fileRef = 0A8845D1213678DC00F921E4 /* LLYShowImageViewController.m */; };
		0A8845D521367CAD00F921E4 /* LLYUseCameraViewController.m in Sources */ = {isa = PBXBuildFile; fileRef = 0A8845D421367CAD00F921E4 /* LLYUseCameraViewController.m */; };
		0A8845DA2136964B00F921E4 /* LLYGPUImageBeatuifulFilter.m in Sources */ = {isa = PBXBuildFile; fileRef = 0A8845D92136964B00F921E4 /* LLYGPUImageBeatuifulFilter.m */; };
		0A8845DD2136969200F921E4 /* LLYBeautifulFilterViewController.m in Sources */ = {isa = PBXBuildFile; fileRef = 0A8845DC2136969200F921E4 /* LLYBeautifulFilterViewController.m */; };
		0A92A05D2153C421001EAEF7 /* LLYMovieWatermarkViewController.m in Sources */ = {isa = PBXBuildFile; fileRef = 0A92A05C2153C421001EAEF7 /* LLYMovieWatermarkViewController.m */; };
		0A92A05F2153C49A001EAEF7 /* abc.mp4 in Resources */ = {isa = PBXBuildFile; fileRef = 0A92A05E2153C49A001EAEF7 /* abc.mp4 */; };
		E64738FDFC85B8F4FB34E1A3 /* libPods-LLYGPUImageDemo.a in Frameworks */ = {isa = PBXBuildFile; fileRef = 480668032993BA44628F9A74 /* libPods-LLYGPUImageDemo.a */; };
/* End PBXBuildFile section */

/* Begin PBXContainerItemProxy section */
		0A7A6082213533FC00869D60 /* PBXContainerItemProxy */ = {
			isa = PBXContainerItemProxy;
			containerPortal = 0A7A6061213533FB00869D60 /* Project object */;
			proxyType = 1;
			remoteGlobalIDString = 0A7A6068213533FB00869D60;
			remoteInfo = LLYGPUImageDemo;
		};
		0A7A608D213533FC00869D60 /* PBXContainerItemProxy */ = {
			isa = PBXContainerItemProxy;
			containerPortal = 0A7A6061213533FB00869D60 /* Project object */;
			proxyType = 1;
			remoteGlobalIDString = 0A7A6068213533FB00869D60;
			remoteInfo = LLYGPUImageDemo;
		};
/* End PBXContainerItemProxy section */

/* Begin PBXFileReference section */
		0A7A6069213533FB00869D60 /* LLYGPUImageDemo.app */ = {isa = PBXFileReference; explicitFileType = wrapper.application; includeInIndex = 0; path = LLYGPUImageDemo.app; sourceTree = BUILT_PRODUCTS_DIR; };
		0A7A606C213533FB00869D60 /* AppDelegate.h */ = {isa = PBXFileReference; lastKnownFileType = sourcecode.c.h; path = AppDelegate.h; sourceTree = "<group>"; };
		0A7A606D213533FB00869D60 /* AppDelegate.m */ = {isa = PBXFileReference; lastKnownFileType = sourcecode.c.objc; path = AppDelegate.m; sourceTree = "<group>"; };
		0A7A6075213533FC00869D60 /* Assets.xcassets */ = {isa = PBXFileReference; lastKnownFileType = folder.assetcatalog; path = Assets.xcassets; sourceTree = "<group>"; };
		0A7A607A213533FC00869D60 /* Info.plist */ = {isa = PBXFileReference; lastKnownFileType = text.plist.xml; path = Info.plist; sourceTree = "<group>"; };
		0A7A607B213533FC00869D60 /* main.m */ = {isa = PBXFileReference; lastKnownFileType = sourcecode.c.objc; path = main.m; sourceTree = "<group>"; };
		0A7A6081213533FC00869D60 /* LLYGPUImageDemoTests.xctest */ = {isa = PBXFileReference; explicitFileType = wrapper.cfbundle; includeInIndex = 0; path = LLYGPUImageDemoTests.xctest; sourceTree = BUILT_PRODUCTS_DIR; };
		0A7A6085213533FC00869D60 /* LLYGPUImageDemoTests.m */ = {isa = PBXFileReference; lastKnownFileType = sourcecode.c.objc; path = LLYGPUImageDemoTests.m; sourceTree = "<group>"; };
		0A7A6087213533FC00869D60 /* Info.plist */ = {isa = PBXFileReference; lastKnownFileType = text.plist.xml; path = Info.plist; sourceTree = "<group>"; };
		0A7A608C213533FC00869D60 /* LLYGPUImageDemoUITests.xctest */ = {isa = PBXFileReference; explicitFileType = wrapper.cfbundle; includeInIndex = 0; path = LLYGPUImageDemoUITests.xctest; sourceTree = BUILT_PRODUCTS_DIR; };
		0A7A6090213533FC00869D60 /* LLYGPUImageDemoUITests.m */ = {isa = PBXFileReference; lastKnownFileType = sourcecode.c.objc; path = LLYGPUImageDemoUITests.m; sourceTree = "<group>"; };
		0A7A6092213533FC00869D60 /* Info.plist */ = {isa = PBXFileReference; lastKnownFileType = text.plist.xml; path = Info.plist; sourceTree = "<group>"; };
		0A7A609F21354CA600869D60 /* wk.JPG */ = {isa = PBXFileReference; lastKnownFileType = image.jpeg; path = wk.JPG; sourceTree = "<group>"; };
		0A7A60A12135539600869D60 /* LLYRootViewController.h */ = {isa = PBXFileReference; lastKnownFileType = sourcecode.c.h; path = LLYRootViewController.h; sourceTree = "<group>"; };
		0A7A60A22135539600869D60 /* LLYRootViewController.m */ = {isa = PBXFileReference; lastKnownFileType = sourcecode.c.objc; path = LLYRootViewController.m; sourceTree = "<group>"; };
		0A7A60A32135539600869D60 /* LLYRootViewController.xib */ = {isa = PBXFileReference; lastKnownFileType = file.xib; path = LLYRootViewController.xib; sourceTree = "<group>"; };
		0A7A60A62135549D00869D60 /* LLYLaunchScreen.storyboard */ = {isa = PBXFileReference; lastKnownFileType = file.storyboard; path = LLYLaunchScreen.storyboard; sourceTree = "<group>"; };
		0A7CEEC72137D63800DFF51F /* LLYTikTokViewController.h */ = {isa = PBXFileReference; lastKnownFileType = sourcecode.c.h; path = LLYTikTokViewController.h; sourceTree = "<group>"; };
		0A7CEEC82137D63800DFF51F /* LLYTikTokViewController.m */ = {isa = PBXFileReference; lastKnownFileType = sourcecode.c.objc; path = LLYTikTokViewController.m; sourceTree = "<group>"; };
		0A7CEECA2137D79300DFF51F /* LLYTikTokFilter.h */ = {isa = PBXFileReference; lastKnownFileType = sourcecode.c.h; path = LLYTikTokFilter.h; sourceTree = "<group>"; };
		0A7CEECB2137D79300DFF51F /* LLYTikTokFilter.m */ = {isa = PBXFileReference; lastKnownFileType = sourcecode.c.objc; path = LLYTikTokFilter.m; sourceTree = "<group>"; };
		0A866A5A2181A78B00402CB0 /* LLYViewWatermarkViewController.h */ = {isa = PBXFileReference; lastKnownFileType = sourcecode.c.h; path = LLYViewWatermarkViewController.h; sourceTree = "<group>"; };
		0A866A5B2181A78B00402CB0 /* LLYViewWatermarkViewController.m */ = {isa = PBXFileReference; lastKnownFileType = sourcecode.c.objc; path = LLYViewWatermarkViewController.m; sourceTree = "<group>"; };
		0A866A5D2181C3C000402CB0 /* watermark.png */ = {isa = PBXFileReference; lastKnownFileType = image.png; path = watermark.png; sourceTree = "<group>"; };
		0A8845D0213678DC00F921E4 /* LLYShowImageViewController.h */ = {isa = PBXFileReference; lastKnownFileType = sourcecode.c.h; path = LLYShowImageViewController.h; sourceTree = "<group>"; };
		0A8845D1213678DC00F921E4 /* LLYShowImageViewController.m */ = {isa = PBXFileReference; lastKnownFileType = sourcecode.c.objc; path = LLYShowImageViewController.m; sourceTree = "<group>"; };
		0A8845D321367CAD00F921E4 /* LLYUseCameraViewController.h */ = {isa = PBXFileReference; lastKnownFileType = sourcecode.c.h; path = LLYUseCameraViewController.h; sourceTree = "<group>"; };
		0A8845D421367CAD00F921E4 /* LLYUseCameraViewController.m */ = {isa = PBXFileReference; lastKnownFileType = sourcecode.c.objc; path = LLYUseCameraViewController.m; sourceTree = "<group>"; };
		0A8845D82136964B00F921E4 /* LLYGPUImageBeatuifulFilter.h */ = {isa = PBXFileReference; lastKnownFileType = sourcecode.c.h; path = LLYGPUImageBeatuifulFilter.h; sourceTree = "<group>"; };
		0A8845D92136964B00F921E4 /* LLYGPUImageBeatuifulFilter.m */ = {isa = PBXFileReference; lastKnownFileType = sourcecode.c.objc; path = LLYGPUImageBeatuifulFilter.m; sourceTree = "<group>"; };
		0A8845DB2136969200F921E4 /* LLYBeautifulFilterViewController.h */ = {isa = PBXFileReference; lastKnownFileType = sourcecode.c.h; path = LLYBeautifulFilterViewController.h; sourceTree = "<group>"; };
		0A8845DC2136969200F921E4 /* LLYBeautifulFilterViewController.m */ = {isa = PBXFileReference; lastKnownFileType = sourcecode.c.objc; path = LLYBeautifulFilterViewController.m; sourceTree = "<group>"; };
		0A92A05B2153C421001EAEF7 /* LLYMovieWatermarkViewController.h */ = {isa = PBXFileReference; lastKnownFileType = sourcecode.c.h; path = LLYMovieWatermarkViewController.h; sourceTree = "<group>"; };
		0A92A05C2153C421001EAEF7 /* LLYMovieWatermarkViewController.m */ = {isa = PBXFileReference; lastKnownFileType = sourcecode.c.objc; path = LLYMovieWatermarkViewController.m; sourceTree = "<group>"; };
		0A92A05E2153C49A001EAEF7 /* abc.mp4 */ = {isa = PBXFileReference; lastKnownFileType = file; path = abc.mp4; sourceTree = "<group>"; };
		0B52B94290CAD003134DBCDF /* Pods-LLYGPUImageDemo.debug.xcconfig */ = {isa = PBXFileReference; includeInIndex = 1; lastKnownFileType = text.xcconfig; name = "Pods-LLYGPUImageDemo.debug.xcconfig"; path = "Pods/Target Support Files/Pods-LLYGPUImageDemo/Pods-LLYGPUImageDemo.debug.xcconfig"; sourceTree = "<group>"; };
		480668032993BA44628F9A74 /* libPods-LLYGPUImageDemo.a */ = {isa = PBXFileReference; explicitFileType = archive.ar; includeInIndex = 0; path = "libPods-LLYGPUImageDemo.a"; sourceTree = BUILT_PRODUCTS_DIR; };
		83A199E0C57CEFFC37ECF5A4 /* Pods-LLYGPUImageDemo.release.xcconfig */ = {isa = PBXFileReference; includeInIndex = 1; lastKnownFileType = text.xcconfig; name = "Pods-LLYGPUImageDemo.release.xcconfig"; path = "Pods/Target Support Files/Pods-LLYGPUImageDemo/Pods-LLYGPUImageDemo.release.xcconfig"; sourceTree = "<group>"; };
/* End PBXFileReference section */

/* Begin PBXFrameworksBuildPhase section */
		0A7A6066213533FB00869D60 /* Frameworks */ = {
			isa = PBXFrameworksBuildPhase;
			buildActionMask = 2147483647;
			files = (
				E64738FDFC85B8F4FB34E1A3 /* libPods-LLYGPUImageDemo.a in Frameworks */,
			);
			runOnlyForDeploymentPostprocessing = 0;
		};
		0A7A607E213533FC00869D60 /* Frameworks */ = {
			isa = PBXFrameworksBuildPhase;
			buildActionMask = 2147483647;
			files = (
			);
			runOnlyForDeploymentPostprocessing = 0;
		};
		0A7A6089213533FC00869D60 /* Frameworks */ = {
			isa = PBXFrameworksBuildPhase;
			buildActionMask = 2147483647;
			files = (
			);
			runOnlyForDeploymentPostprocessing = 0;
		};
/* End PBXFrameworksBuildPhase section */

/* Begin PBXGroup section */
		0A7A6060213533FB00869D60 = {
			isa = PBXGroup;
			children = (
				0A7A606B213533FB00869D60 /* LLYGPUImageDemo */,
				0A7A6084213533FC00869D60 /* LLYGPUImageDemoTests */,
				0A7A608F213533FC00869D60 /* LLYGPUImageDemoUITests */,
				0A7A606A213533FB00869D60 /* Products */,
				422A280016E33E1F0B50F575 /* Pods */,
				8AF4C724C8371E298ECDA565 /* Frameworks */,
			);
			sourceTree = "<group>";
		};
		0A7A606A213533FB00869D60 /* Products */ = {
			isa = PBXGroup;
			children = (
				0A7A6069213533FB00869D60 /* LLYGPUImageDemo.app */,
				0A7A6081213533FC00869D60 /* LLYGPUImageDemoTests.xctest */,
				0A7A608C213533FC00869D60 /* LLYGPUImageDemoUITests.xctest */,
			);
			name = Products;
			sourceTree = "<group>";
		};
		0A7A606B213533FB00869D60 /* LLYGPUImageDemo */ = {
			isa = PBXGroup;
			children = (
				0A8845CF2136782100F921E4 /* modules */,
				0A7A609E21354C9700869D60 /* resource */,
				0A7A606C213533FB00869D60 /* AppDelegate.h */,
				0A7A606D213533FB00869D60 /* AppDelegate.m */,
				0A7A60A12135539600869D60 /* LLYRootViewController.h */,
				0A7A60A22135539600869D60 /* LLYRootViewController.m */,
				0A7A60A32135539600869D60 /* LLYRootViewController.xib */,
				0A7A60A62135549D00869D60 /* LLYLaunchScreen.storyboard */,
				0A7A6075213533FC00869D60 /* Assets.xcassets */,
				0A7A607A213533FC00869D60 /* Info.plist */,
				0A7A607B213533FC00869D60 /* main.m */,
			);
			path = LLYGPUImageDemo;
			sourceTree = "<group>";
		};
		0A7A6084213533FC00869D60 /* LLYGPUImageDemoTests */ = {
			isa = PBXGroup;
			children = (
				0A7A6085213533FC00869D60 /* LLYGPUImageDemoTests.m */,
				0A7A6087213533FC00869D60 /* Info.plist */,
			);
			path = LLYGPUImageDemoTests;
			sourceTree = "<group>";
		};
		0A7A608F213533FC00869D60 /* LLYGPUImageDemoUITests */ = {
			isa = PBXGroup;
			children = (
				0A7A6090213533FC00869D60 /* LLYGPUImageDemoUITests.m */,
				0A7A6092213533FC00869D60 /* Info.plist */,
			);
			path = LLYGPUImageDemoUITests;
			sourceTree = "<group>";
		};
		0A7A609E21354C9700869D60 /* resource */ = {
			isa = PBXGroup;
			children = (
				0A866A5D2181C3C000402CB0 /* watermark.png */,
				0A92A05E2153C49A001EAEF7 /* abc.mp4 */,
				0A7A609F21354CA600869D60 /* wk.JPG */,
			);
			path = resource;
			sourceTree = "<group>";
		};
		0A7CEEC32137D5A400DFF51F /* TikTok */ = {
			isa = PBXGroup;
			children = (
				0A7CEEC72137D63800DFF51F /* LLYTikTokViewController.h */,
				0A7CEEC82137D63800DFF51F /* LLYTikTokViewController.m */,
				0A7CEECA2137D79300DFF51F /* LLYTikTokFilter.h */,
				0A7CEECB2137D79300DFF51F /* LLYTikTokFilter.m */,
			);
			path = TikTok;
			sourceTree = "<group>";
		};
		0A8845CF2136782100F921E4 /* modules */ = {
			isa = PBXGroup;
			children = (
				0A7CEEC32137D5A400DFF51F /* TikTok */,
				0A8845D72136959100F921E4 /* BeautifulFilter */,
				0A8845D0213678DC00F921E4 /* LLYShowImageViewController.h */,
				0A8845D1213678DC00F921E4 /* LLYShowImageViewController.m */,
				0A8845D321367CAD00F921E4 /* LLYUseCameraViewController.h */,
				0A8845D421367CAD00F921E4 /* LLYUseCameraViewController.m */,
				0A92A05B2153C421001EAEF7 /* LLYMovieWatermarkViewController.h */,
				0A92A05C2153C421001EAEF7 /* LLYMovieWatermarkViewController.m */,
				0A866A5A2181A78B00402CB0 /* LLYViewWatermarkViewController.h */,
				0A866A5B2181A78B00402CB0 /* LLYViewWatermarkViewController.m */,
			);
			path = modules;
			sourceTree = "<group>";
		};
		0A8845D72136959100F921E4 /* BeautifulFilter */ = {
			isa = PBXGroup;
			children = (
				0A8845D82136964B00F921E4 /* LLYGPUImageBeatuifulFilter.h */,
				0A8845D92136964B00F921E4 /* LLYGPUImageBeatuifulFilter.m */,
				0A8845DB2136969200F921E4 /* LLYBeautifulFilterViewController.h */,
				0A8845DC2136969200F921E4 /* LLYBeautifulFilterViewController.m */,
			);
			path = BeautifulFilter;
			sourceTree = "<group>";
		};
		422A280016E33E1F0B50F575 /* Pods */ = {
			isa = PBXGroup;
			children = (
				0B52B94290CAD003134DBCDF /* Pods-LLYGPUImageDemo.debug.xcconfig */,
				83A199E0C57CEFFC37ECF5A4 /* Pods-LLYGPUImageDemo.release.xcconfig */,
			);
			name = Pods;
			sourceTree = "<group>";
		};
		8AF4C724C8371E298ECDA565 /* Frameworks */ = {
			isa = PBXGroup;
			children = (
				480668032993BA44628F9A74 /* libPods-LLYGPUImageDemo.a */,
			);
			name = Frameworks;
			sourceTree = "<group>";
		};
/* End PBXGroup section */

/* Begin PBXNativeTarget section */
		0A7A6068213533FB00869D60 /* LLYGPUImageDemo */ = {
			isa = PBXNativeTarget;
			buildConfigurationList = 0A7A6095213533FC00869D60 /* Build configuration list for PBXNativeTarget "LLYGPUImageDemo" */;
			buildPhases = (
				15B19982707D36DD3F77D153 /* [CP] Check Pods Manifest.lock */,
				0A7A6065213533FB00869D60 /* Sources */,
				0A7A6066213533FB00869D60 /* Frameworks */,
				0A7A6067213533FB00869D60 /* Resources */,
				A17A9E2D462781283F8E7898 /* [CP] Copy Pods Resources */,
			);
			buildRules = (
			);
			dependencies = (
			);
			name = LLYGPUImageDemo;
			productName = LLYGPUImageDemo;
			productReference = 0A7A6069213533FB00869D60 /* LLYGPUImageDemo.app */;
			productType = "com.apple.product-type.application";
		};
		0A7A6080213533FC00869D60 /* LLYGPUImageDemoTests */ = {
			isa = PBXNativeTarget;
			buildConfigurationList = 0A7A6098213533FC00869D60 /* Build configuration list for PBXNativeTarget "LLYGPUImageDemoTests" */;
			buildPhases = (
				0A7A607D213533FC00869D60 /* Sources */,
				0A7A607E213533FC00869D60 /* Frameworks */,
				0A7A607F213533FC00869D60 /* Resources */,
			);
			buildRules = (
			);
			dependencies = (
				0A7A6083213533FC00869D60 /* PBXTargetDependency */,
			);
			name = LLYGPUImageDemoTests;
			productName = LLYGPUImageDemoTests;
			productReference = 0A7A6081213533FC00869D60 /* LLYGPUImageDemoTests.xctest */;
			productType = "com.apple.product-type.bundle.unit-test";
		};
		0A7A608B213533FC00869D60 /* LLYGPUImageDemoUITests */ = {
			isa = PBXNativeTarget;
			buildConfigurationList = 0A7A609B213533FC00869D60 /* Build configuration list for PBXNativeTarget "LLYGPUImageDemoUITests" */;
			buildPhases = (
				0A7A6088213533FC00869D60 /* Sources */,
				0A7A6089213533FC00869D60 /* Frameworks */,
				0A7A608A213533FC00869D60 /* Resources */,
			);
			buildRules = (
			);
			dependencies = (
				0A7A608E213533FC00869D60 /* PBXTargetDependency */,
			);
			name = LLYGPUImageDemoUITests;
			productName = LLYGPUImageDemoUITests;
			productReference = 0A7A608C213533FC00869D60 /* LLYGPUImageDemoUITests.xctest */;
			productType = "com.apple.product-type.bundle.ui-testing";
		};
/* End PBXNativeTarget section */

/* Begin PBXProject section */
		0A7A6061213533FB00869D60 /* Project object */ = {
			isa = PBXProject;
			attributes = {
				LastUpgradeCheck = 0940;
				ORGANIZATIONNAME = lly;
				TargetAttributes = {
					0A7A6068213533FB00869D60 = {
						CreatedOnToolsVersion = 9.4.1;
					};
					0A7A6080213533FC00869D60 = {
						CreatedOnToolsVersion = 9.4.1;
						TestTargetID = 0A7A6068213533FB00869D60;
					};
					0A7A608B213533FC00869D60 = {
						CreatedOnToolsVersion = 9.4.1;
						TestTargetID = 0A7A6068213533FB00869D60;
					};
				};
			};
			buildConfigurationList = 0A7A6064213533FB00869D60 /* Build configuration list for PBXProject "LLYGPUImageDemo" */;
			compatibilityVersion = "Xcode 9.3";
			developmentRegion = en;
			hasScannedForEncodings = 0;
			knownRegions = (
				en,
				Base,
			);
			mainGroup = 0A7A6060213533FB00869D60;
			productRefGroup = 0A7A606A213533FB00869D60 /* Products */;
			projectDirPath = "";
			projectRoot = "";
			targets = (
				0A7A6068213533FB00869D60 /* LLYGPUImageDemo */,
				0A7A6080213533FC00869D60 /* LLYGPUImageDemoTests */,
				0A7A608B213533FC00869D60 /* LLYGPUImageDemoUITests */,
			);
		};
/* End PBXProject section */

/* Begin PBXResourcesBuildPhase section */
		0A7A6067213533FB00869D60 /* Resources */ = {
			isa = PBXResourcesBuildPhase;
			buildActionMask = 2147483647;
			files = (
				0A7A6076213533FC00869D60 /* Assets.xcassets in Resources */,
				0A7A60A72135549D00869D60 /* LLYLaunchScreen.storyboard in Resources */,
				0A92A05F2153C49A001EAEF7 /* abc.mp4 in Resources */,
				0A7A60A021354CA600869D60 /* wk.JPG in Resources */,
				0A866A5E2181C3C000402CB0 /* watermark.png in Resources */,
				0A7A60A52135539600869D60 /* LLYRootViewController.xib in Resources */,
			);
			runOnlyForDeploymentPostprocessing = 0;
		};
		0A7A607F213533FC00869D60 /* Resources */ = {
			isa = PBXResourcesBuildPhase;
			buildActionMask = 2147483647;
			files = (
			);
			runOnlyForDeploymentPostprocessing = 0;
		};
		0A7A608A213533FC00869D60 /* Resources */ = {
			isa = PBXResourcesBuildPhase;
			buildActionMask = 2147483647;
			files = (
			);
			runOnlyForDeploymentPostprocessing = 0;
		};
/* End PBXResourcesBuildPhase section */

/* Begin PBXShellScriptBuildPhase section */
		15B19982707D36DD3F77D153 /* [CP] Check Pods Manifest.lock */ = {
			isa = PBXShellScriptBuildPhase;
			buildActionMask = 2147483647;
			files = (
			);
			inputPaths = (
				"${PODS_PODFILE_DIR_PATH}/Podfile.lock",
				"${PODS_ROOT}/Manifest.lock",
			);
			name = "[CP] Check Pods Manifest.lock";
			outputPaths = (
				"$(DERIVED_FILE_DIR)/Pods-LLYGPUImageDemo-checkManifestLockResult.txt",
			);
			runOnlyForDeploymentPostprocessing = 0;
			shellPath = /bin/sh;
			shellScript = "diff \"${PODS_PODFILE_DIR_PATH}/Podfile.lock\" \"${PODS_ROOT}/Manifest.lock\" > /dev/null\nif [ $? != 0 ] ; then\n    # print error to STDERR\n    echo \"error: The sandbox is not in sync with the Podfile.lock. Run 'pod install' or update your CocoaPods installation.\" >&2\n    exit 1\nfi\n# This output is used by Xcode 'outputs' to avoid re-running this script phase.\necho \"SUCCESS\" > \"${SCRIPT_OUTPUT_FILE_0}\"\n";
			showEnvVarsInLog = 0;
		};
		A17A9E2D462781283F8E7898 /* [CP] Copy Pods Resources */ = {
			isa = PBXShellScriptBuildPhase;
			buildActionMask = 2147483647;
			files = (
			);
			inputPaths = (
				"${SRCROOT}/Pods/Target Support Files/Pods-LLYGPUImageDemo/Pods-LLYGPUImageDemo-resources.sh",
				"${PODS_ROOT}/GPUImage/framework/Resources/lookup.png",
				"${PODS_ROOT}/GPUImage/framework/Resources/lookup_amatorka.png",
				"${PODS_ROOT}/GPUImage/framework/Resources/lookup_miss_etikate.png",
				"${PODS_ROOT}/GPUImage/framework/Resources/lookup_soft_elegance_1.png",
				"${PODS_ROOT}/GPUImage/framework/Resources/lookup_soft_elegance_2.png",
			);
			name = "[CP] Copy Pods Resources";
			outputPaths = (
				"${TARGET_BUILD_DIR}/${UNLOCALIZED_RESOURCES_FOLDER_PATH}/lookup.png",
				"${TARGET_BUILD_DIR}/${UNLOCALIZED_RESOURCES_FOLDER_PATH}/lookup_amatorka.png",
				"${TARGET_BUILD_DIR}/${UNLOCALIZED_RESOURCES_FOLDER_PATH}/lookup_miss_etikate.png",
				"${TARGET_BUILD_DIR}/${UNLOCALIZED_RESOURCES_FOLDER_PATH}/lookup_soft_elegance_1.png",
				"${TARGET_BUILD_DIR}/${UNLOCALIZED_RESOURCES_FOLDER_PATH}/lookup_soft_elegance_2.png",
			);
			runOnlyForDeploymentPostprocessing = 0;
			shellPath = /bin/sh;
			shellScript = "\"${SRCROOT}/Pods/Target Support Files/Pods-LLYGPUImageDemo/Pods-LLYGPUImageDemo-resources.sh\"\n";
			showEnvVarsInLog = 0;
		};
/* End PBXShellScriptBuildPhase section */

/* Begin PBXSourcesBuildPhase section */
		0A7A6065213533FB00869D60 /* Sources */ = {
			isa = PBXSourcesBuildPhase;
			buildActionMask = 2147483647;
			files = (
				0A7CEECC2137D79300DFF51F /* LLYTikTokFilter.m in Sources */,
				0A7A607C213533FC00869D60 /* main.m in Sources */,
				0A7CEEC92137D63800DFF51F /* LLYTikTokViewController.m in Sources */,
				0A7A606E213533FB00869D60 /* AppDelegate.m in Sources */,
				0A8845DA2136964B00F921E4 /* LLYGPUImageBeatuifulFilter.m in Sources */,
				0A7A60A42135539600869D60 /* LLYRootViewController.m in Sources */,
				0A8845D521367CAD00F921E4 /* LLYUseCameraViewController.m in Sources */,
				0A8845D2213678DC00F921E4 /* LLYShowImageViewController.m in Sources */,
				0A866A5C2181A78B00402CB0 /* LLYViewWatermarkViewController.m in Sources */,
				0A92A05D2153C421001EAEF7 /* LLYMovieWatermarkViewController.m in Sources */,
				0A8845DD2136969200F921E4 /* LLYBeautifulFilterViewController.m in Sources */,
			);
			runOnlyForDeploymentPostprocessing = 0;
		};
		0A7A607D213533FC00869D60 /* Sources */ = {
			isa = PBXSourcesBuildPhase;
			buildActionMask = 2147483647;
			files = (
				0A7A6086213533FC00869D60 /* LLYGPUImageDemoTests.m in Sources */,
			);
			runOnlyForDeploymentPostprocessing = 0;
		};
		0A7A6088213533FC00869D60 /* Sources */ = {
			isa = PBXSourcesBuildPhase;
			buildActionMask = 2147483647;
			files = (
				0A7A6091213533FC00869D60 /* LLYGPUImageDemoUITests.m in Sources */,
			);
			runOnlyForDeploymentPostprocessing = 0;
		};
/* End PBXSourcesBuildPhase section */

/* Begin PBXTargetDependency section */
		0A7A6083213533FC00869D60 /* PBXTargetDependency */ = {
			isa = PBXTargetDependency;
			target = 0A7A6068213533FB00869D60 /* LLYGPUImageDemo */;
			targetProxy = 0A7A6082213533FC00869D60 /* PBXContainerItemProxy */;
		};
		0A7A608E213533FC00869D60 /* PBXTargetDependency */ = {
			isa = PBXTargetDependency;
			target = 0A7A6068213533FB00869D60 /* LLYGPUImageDemo */;
			targetProxy = 0A7A608D213533FC00869D60 /* PBXContainerItemProxy */;
		};
/* End PBXTargetDependency section */

/* Begin XCBuildConfiguration section */
		0A7A6093213533FC00869D60 /* Debug */ = {
			isa = XCBuildConfiguration;
			buildSettings = {
				ALWAYS_SEARCH_USER_PATHS = NO;
				CLANG_ANALYZER_NONNULL = YES;
				CLANG_ANALYZER_NUMBER_OBJECT_CONVERSION = YES_AGGRESSIVE;
				CLANG_CXX_LANGUAGE_STANDARD = "gnu++14";
				CLANG_CXX_LIBRARY = "libc++";
				CLANG_ENABLE_MODULES = YES;
				CLANG_ENABLE_OBJC_ARC = YES;
				CLANG_ENABLE_OBJC_WEAK = YES;
				CLANG_WARN_BLOCK_CAPTURE_AUTORELEASING = YES;
				CLANG_WARN_BOOL_CONVERSION = YES;
				CLANG_WARN_COMMA = YES;
				CLANG_WARN_CONSTANT_CONVERSION = YES;
				CLANG_WARN_DEPRECATED_OBJC_IMPLEMENTATIONS = YES;
				CLANG_WARN_DIRECT_OBJC_ISA_USAGE = YES_ERROR;
				CLANG_WARN_DOCUMENTATION_COMMENTS = YES;
				CLANG_WARN_EMPTY_BODY = YES;
				CLANG_WARN_ENUM_CONVERSION = YES;
				CLANG_WARN_INFINITE_RECURSION = YES;
				CLANG_WARN_INT_CONVERSION = YES;
				CLANG_WARN_NON_LITERAL_NULL_CONVERSION = YES;
				CLANG_WARN_OBJC_IMPLICIT_RETAIN_SELF = YES;
				CLANG_WARN_OBJC_LITERAL_CONVERSION = YES;
				CLANG_WARN_OBJC_ROOT_CLASS = YES_ERROR;
				CLANG_WARN_RANGE_LOOP_ANALYSIS = YES;
				CLANG_WARN_STRICT_PROTOTYPES = YES;
				CLANG_WARN_SUSPICIOUS_MOVE = YES;
				CLANG_WARN_UNGUARDED_AVAILABILITY = YES_AGGRESSIVE;
				CLANG_WARN_UNREACHABLE_CODE = YES;
				CLANG_WARN__DUPLICATE_METHOD_MATCH = YES;
				CODE_SIGN_IDENTITY = "iPhone Developer";
				COPY_PHASE_STRIP = NO;
				DEBUG_INFORMATION_FORMAT = dwarf;
				ENABLE_STRICT_OBJC_MSGSEND = YES;
				ENABLE_TESTABILITY = YES;
				GCC_C_LANGUAGE_STANDARD = gnu11;
				GCC_DYNAMIC_NO_PIC = NO;
				GCC_NO_COMMON_BLOCKS = YES;
				GCC_OPTIMIZATION_LEVEL = 0;
				GCC_PREPROCESSOR_DEFINITIONS = (
					"DEBUG=1",
					"$(inherited)",
				);
				GCC_WARN_64_TO_32_BIT_CONVERSION = YES;
				GCC_WARN_ABOUT_RETURN_TYPE = YES_ERROR;
				GCC_WARN_UNDECLARED_SELECTOR = YES;
				GCC_WARN_UNINITIALIZED_AUTOS = YES_AGGRESSIVE;
				GCC_WARN_UNUSED_FUNCTION = YES;
				GCC_WARN_UNUSED_VARIABLE = YES;
				IPHONEOS_DEPLOYMENT_TARGET = 11.4;
				MTL_ENABLE_DEBUG_INFO = YES;
				ONLY_ACTIVE_ARCH = YES;
				SDKROOT = iphoneos;
			};
			name = Debug;
		};
		0A7A6094213533FC00869D60 /* Release */ = {
			isa = XCBuildConfiguration;
			buildSettings = {
				ALWAYS_SEARCH_USER_PATHS = NO;
				CLANG_ANALYZER_NONNULL = YES;
				CLANG_ANALYZER_NUMBER_OBJECT_CONVERSION = YES_AGGRESSIVE;
				CLANG_CXX_LANGUAGE_STANDARD = "gnu++14";
				CLANG_CXX_LIBRARY = "libc++";
				CLANG_ENABLE_MODULES = YES;
				CLANG_ENABLE_OBJC_ARC = YES;
				CLANG_ENABLE_OBJC_WEAK = YES;
				CLANG_WARN_BLOCK_CAPTURE_AUTORELEASING = YES;
				CLANG_WARN_BOOL_CONVERSION = YES;
				CLANG_WARN_COMMA = YES;
				CLANG_WARN_CONSTANT_CONVERSION = YES;
				CLANG_WARN_DEPRECATED_OBJC_IMPLEMENTATIONS = YES;
				CLANG_WARN_DIRECT_OBJC_ISA_USAGE = YES_ERROR;
				CLANG_WARN_DOCUMENTATION_COMMENTS = YES;
				CLANG_WARN_EMPTY_BODY = YES;
				CLANG_WARN_ENUM_CONVERSION = YES;
				CLANG_WARN_INFINITE_RECURSION = YES;
				CLANG_WARN_INT_CONVERSION = YES;
				CLANG_WARN_NON_LITERAL_NULL_CONVERSION = YES;
				CLANG_WARN_OBJC_IMPLICIT_RETAIN_SELF = YES;
				CLANG_WARN_OBJC_LITERAL_CONVERSION = YES;
				CLANG_WARN_OBJC_ROOT_CLASS = YES_ERROR;
				CLANG_WARN_RANGE_LOOP_ANALYSIS = YES;
				CLANG_WARN_STRICT_PROTOTYPES = YES;
				CLANG_WARN_SUSPICIOUS_MOVE = YES;
				CLANG_WARN_UNGUARDED_AVAILABILITY = YES_AGGRESSIVE;
				CLANG_WARN_UNREACHABLE_CODE = YES;
				CLANG_WARN__DUPLICATE_METHOD_MATCH = YES;
				CODE_SIGN_IDENTITY = "iPhone Developer";
				COPY_PHASE_STRIP = NO;
				DEBUG_INFORMATION_FORMAT = "dwarf-with-dsym";
				ENABLE_NS_ASSERTIONS = NO;
				ENABLE_STRICT_OBJC_MSGSEND = YES;
				GCC_C_LANGUAGE_STANDARD = gnu11;
				GCC_NO_COMMON_BLOCKS = YES;
				GCC_WARN_64_TO_32_BIT_CONVERSION = YES;
				GCC_WARN_ABOUT_RETURN_TYPE = YES_ERROR;
				GCC_WARN_UNDECLARED_SELECTOR = YES;
				GCC_WARN_UNINITIALIZED_AUTOS = YES_AGGRESSIVE;
				GCC_WARN_UNUSED_FUNCTION = YES;
				GCC_WARN_UNUSED_VARIABLE = YES;
				IPHONEOS_DEPLOYMENT_TARGET = 11.4;
				MTL_ENABLE_DEBUG_INFO = NO;
				SDKROOT = iphoneos;
				VALIDATE_PRODUCT = YES;
			};
			name = Release;
		};
		0A7A6096213533FC00869D60 /* Debug */ = {
			isa = XCBuildConfiguration;
			baseConfigurationReference = 0B52B94290CAD003134DBCDF /* Pods-LLYGPUImageDemo.debug.xcconfig */;
			buildSettings = {
				ASSETCATALOG_COMPILER_APPICON_NAME = AppIcon;
				CODE_SIGN_STYLE = Automatic;
				DEVELOPMENT_TEAM = PW2BL84NY9;
				INFOPLIST_FILE = LLYGPUImageDemo/Info.plist;
				IPHONEOS_DEPLOYMENT_TARGET = 10.0;
				LD_RUNPATH_SEARCH_PATHS = (
					"$(inherited)",
					"@executable_path/Frameworks",
				);
				PRODUCT_BUNDLE_IDENTIFIER = com.lly.LLYGPUImageDemo;
				PRODUCT_NAME = "$(TARGET_NAME)";
				TARGETED_DEVICE_FAMILY = "1,2";
			};
			name = Debug;
		};
		0A7A6097213533FC00869D60 /* Release */ = {
			isa = XCBuildConfiguration;
			baseConfigurationReference = 83A199E0C57CEFFC37ECF5A4 /* Pods-LLYGPUImageDemo.release.xcconfig */;
			buildSettings = {
				ASSETCATALOG_COMPILER_APPICON_NAME = AppIcon;
				CODE_SIGN_STYLE = Automatic;
				DEVELOPMENT_TEAM = PW2BL84NY9;
				INFOPLIST_FILE = LLYGPUImageDemo/Info.plist;
				IPHONEOS_DEPLOYMENT_TARGET = 10.0;
				LD_RUNPATH_SEARCH_PATHS = (
					"$(inherited)",
					"@executable_path/Frameworks",
				);
				PRODUCT_BUNDLE_IDENTIFIER = com.lly.LLYGPUImageDemo;
				PRODUCT_NAME = "$(TARGET_NAME)";
				TARGETED_DEVICE_FAMILY = "1,2";
			};
			name = Release;
		};
		0A7A6099213533FC00869D60 /* Debug */ = {
			isa = XCBuildConfiguration;
			buildSettings = {
				BUNDLE_LOADER = "$(TEST_HOST)";
				CODE_SIGN_STYLE = Automatic;
				DEVELOPMENT_TEAM = PW2BL84NY9;
				INFOPLIST_FILE = LLYGPUImageDemoTests/Info.plist;
				LD_RUNPATH_SEARCH_PATHS = (
					"$(inherited)",
					"@executable_path/Frameworks",
					"@loader_path/Frameworks",
				);
				PRODUCT_BUNDLE_IDENTIFIER = com.lly.LLYGPUImageDemoTests;
				PRODUCT_NAME = "$(TARGET_NAME)";
				TARGETED_DEVICE_FAMILY = "1,2";
				TEST_HOST = "$(BUILT_PRODUCTS_DIR)/LLYGPUImageDemo.app/LLYGPUImageDemo";
			};
			name = Debug;
		};
		0A7A609A213533FC00869D60 /* Release */ = {
			isa = XCBuildConfiguration;
			buildSettings = {
				BUNDLE_LOADER = "$(TEST_HOST)";
				CODE_SIGN_STYLE = Automatic;
				DEVELOPMENT_TEAM = PW2BL84NY9;
				INFOPLIST_FILE = LLYGPUImageDemoTests/Info.plist;
				LD_RUNPATH_SEARCH_PATHS = (
					"$(inherited)",
					"@executable_path/Frameworks",
					"@loader_path/Frameworks",
				);
				PRODUCT_BUNDLE_IDENTIFIER = com.lly.LLYGPUImageDemoTests;
				PRODUCT_NAME = "$(TARGET_NAME)";
				TARGETED_DEVICE_FAMILY = "1,2";
				TEST_HOST = "$(BUILT_PRODUCTS_DIR)/LLYGPUImageDemo.app/LLYGPUImageDemo";
			};
			name = Release;
		};
		0A7A609C213533FC00869D60 /* Debug */ = {
			isa = XCBuildConfiguration;
			buildSettings = {
				CODE_SIGN_STYLE = Automatic;
				DEVELOPMENT_TEAM = PW2BL84NY9;
				INFOPLIST_FILE = LLYGPUImageDemoUITests/Info.plist;
				LD_RUNPATH_SEARCH_PATHS = (
					"$(inherited)",
					"@executable_path/Frameworks",
					"@loader_path/Frameworks",
				);
				PRODUCT_BUNDLE_IDENTIFIER = com.lly.LLYGPUImageDemoUITests;
				PRODUCT_NAME = "$(TARGET_NAME)";
				TARGETED_DEVICE_FAMILY = "1,2";
				TEST_TARGET_NAME = LLYGPUImageDemo;
			};
			name = Debug;
		};
		0A7A609D213533FC00869D60 /* Release */ = {
			isa = XCBuildConfiguration;
			buildSettings = {
				CODE_SIGN_STYLE = Automatic;
				DEVELOPMENT_TEAM = PW2BL84NY9;
				INFOPLIST_FILE = LLYGPUImageDemoUITests/Info.plist;
				LD_RUNPATH_SEARCH_PATHS = (
					"$(inherited)",
					"@executable_path/Frameworks",
					"@loader_path/Frameworks",
				);
				PRODUCT_BUNDLE_IDENTIFIER = com.lly.LLYGPUImageDemoUITests;
				PRODUCT_NAME = "$(TARGET_NAME)";
				TARGETED_DEVICE_FAMILY = "1,2";
				TEST_TARGET_NAME = LLYGPUImageDemo;
			};
			name = Release;
		};
/* End XCBuildConfiguration section */

/* Begin XCConfigurationList section */
		0A7A6064213533FB00869D60 /* Build configuration list for PBXProject "LLYGPUImageDemo" */ = {
			isa = XCConfigurationList;
			buildConfigurations = (
				0A7A6093213533FC00869D60 /* Debug */,
				0A7A6094213533FC00869D60 /* Release */,
			);
			defaultConfigurationIsVisible = 0;
			defaultConfigurationName = Release;
		};
		0A7A6095213533FC00869D60 /* Build configuration list for PBXNativeTarget "LLYGPUImageDemo" */ = {
			isa = XCConfigurationList;
			buildConfigurations = (
				0A7A6096213533FC00869D60 /* Debug */,
				0A7A6097213533FC00869D60 /* Release */,
			);
			defaultConfigurationIsVisible = 0;
			defaultConfigurationName = Release;
		};
		0A7A6098213533FC00869D60 /* Build configuration list for PBXNativeTarget "LLYGPUImageDemoTests" */ = {
			isa = XCConfigurationList;
			buildConfigurations = (
				0A7A6099213533FC00869D60 /* Debug */,
				0A7A609A213533FC00869D60 /* Release */,
			);
			defaultConfigurationIsVisible = 0;
			defaultConfigurationName = Release;
		};
		0A7A609B213533FC00869D60 /* Build configuration list for PBXNativeTarget "LLYGPUImageDemoUITests" */ = {
			isa = XCConfigurationList;
			buildConfigurations = (
				0A7A609C213533FC00869D60 /* Debug */,
				0A7A609D213533FC00869D60 /* Release */,
			);
			defaultConfigurationIsVisible = 0;
			defaultConfigurationName = Release;
		};
/* End XCConfigurationList section */
	};
	rootObject = 0A7A6061213533FB00869D60 /* Project object */;
}
